{
  "nodes": {
    "blockyalarm": {
      "inputs": {
        "nixpkgs": [
          "nixpkgs"
        ],
        "snowfall-lib": "snowfall-lib",
        "unstable": "unstable"
      },
      "locked": {
        "lastModified": 1697647539,
        "narHash": "sha256-096fshOFvJ7L+gXPHelJFufMgM12igSCcBfdX/CeQ0M=",
        "owner": "ironman820",
        "repo": "blockyalarm",
        "rev": "2e68b3dc231ea36aa5a8e001800108254c7333c4",
        "type": "github"
      },
      "original": {
        "owner": "ironman820",
        "repo": "blockyalarm",
        "type": "github"
      }
    },
    "catppuccin-bat": {
      "flake": false,
      "locked": {
        "lastModified": 1668065083,
        "narHash": "sha256-6WVKQErGdaqb++oaXnY3i6/GuH2FhTgK0v4TN4Y0Wbw=",
        "owner": "catppuccin",
        "repo": "bat",
        "rev": "ba4d16880d63e656acced2b7d4e034e4a93f74b1",
        "type": "github"
      },
      "original": {
        "owner": "catppuccin",
        "repo": "bat",
        "type": "github"
      }
    },
    "catppuccin-btop": {
      "flake": false,
      "locked": {
        "lastModified": 1696688295,
        "narHash": "sha256-jodJl4f2T9ViNqsY9fk8IV62CrpC5hy7WK3aRpu70Cs=",
        "owner": "catppuccin",
        "repo": "btop",
        "rev": "c6469190f2ecf25f017d6120bf4e050e6b1d17af",
        "type": "github"
      },
      "original": {
        "owner": "catppuccin",
        "repo": "btop",
        "type": "github"
      }
    },
    "catppuccin-kitty": {
      "flake": false,
      "locked": {
        "lastModified": 1686340014,
        "narHash": "sha256-uZSx+fuzcW//5/FtW98q7G4xRRjJjD5aQMbvJ4cs94U=",
        "owner": "catppuccin",
        "repo": "kitty",
        "rev": "4820b3ef3f4968cf3084b2239ce7d1e99ea04dda",
        "type": "github"
      },
      "original": {
        "owner": "catppuccin",
        "repo": "kitty",
        "type": "github"
      }
    },
    "catppuccin-lazygit": {
      "flake": false,
      "locked": {
        "lastModified": 1695132667,
        "narHash": "sha256-OVihY5E+elPKag2H4RyWiSv+MdIqHtfGNM3/1u2ik6U=",
        "owner": "catppuccin",
        "repo": "lazygit",
        "rev": "0543c28e8af1a935f8c512ad9451facbcc17d8a8",
        "type": "github"
      },
      "original": {
        "owner": "catppuccin",
        "repo": "lazygit",
        "type": "github"
      }
    },
    "catppuccin-neomutt": {
      "flake": false,
      "locked": {
        "lastModified": 1664239314,
        "narHash": "sha256-ye16nP2DL4VytDKB+JdMkBXU+Y9Z4dHmY+DsPcR2EG0=",
        "owner": "catppuccin",
        "repo": "neomutt",
        "rev": "f6ce83da47cc36d5639b0d54e7f5f63cdaf69f11",
        "type": "github"
      },
      "original": {
        "owner": "catppuccin",
        "repo": "neomutt",
        "type": "github"
      }
    },
    "catppuccin-starship": {
      "flake": false,
      "locked": {
        "lastModified": 1689246850,
        "narHash": "sha256-nsRuxQFKbQkyEI4TXgvAjcroVdG+heKX5Pauq/4Ota0=",
        "owner": "catppuccin",
        "repo": "starship",
        "rev": "5629d2356f62a9f2f8efad3ff37476c19969bd4f",
        "type": "github"
      },
      "original": {
        "owner": "catppuccin",
        "repo": "starship",
        "type": "github"
      }
    },
    "catppuccin-tmux": {
      "flake": false,
      "locked": {
        "lastModified": 1698854691,
        "narHash": "sha256-kn3kf7eiiwXj57tgA7fs5N2+B2r441OtBlM8IBBLl4I=",
        "owner": "catppuccin",
        "repo": "tmux",
        "rev": "47e33044b4b47b1c1faca1e42508fc92be12131a",
        "type": "github"
      },
      "original": {
        "owner": "catppuccin",
        "repo": "tmux",
        "type": "github"
      }
    },
    "flake": {
      "inputs": {
        "flake-compat": "flake-compat_2",
        "nixpkgs": [
          "nixpkgs"
        ],
        "snowfall-lib": "snowfall-lib_2"
      },
      "locked": {
        "lastModified": 1694679761,
        "narHash": "sha256-ApeB7FrOs22I2m1UZq8SaGYj3wEGm5lV9J51aDQsCCE=",
        "owner": "snowfallorg",
        "repo": "flake",
        "rev": "2cf0254ec8c537a4ef95a57f59ba8db469a21e12",
        "type": "github"
      },
      "original": {
        "owner": "snowfallorg",
        "repo": "flake",
        "type": "github"
      }
    },
    "flake-compat": {
      "flake": false,
      "locked": {
        "lastModified": 1650374568,
        "narHash": "sha256-Z+s0J8/r907g149rllvwhb4pKi8Wam5ij0st8PwAh+E=",
        "owner": "edolstra",
        "repo": "flake-compat",
        "rev": "b4a34015c698c7793d592d66adbab377907a2be8",
        "type": "github"
      },
      "original": {
        "owner": "edolstra",
        "repo": "flake-compat",
        "type": "github"
      }
    },
    "flake-compat_2": {
      "flake": false,
      "locked": {
        "lastModified": 1668681692,
        "narHash": "sha256-Ht91NGdewz8IQLtWZ9LCeNXMSXHUss+9COoqu6JLmXU=",
        "owner": "edolstra",
        "repo": "flake-compat",
        "rev": "009399224d5e398d03b22badca40a37ac85412a1",
        "type": "github"
      },
      "original": {
        "owner": "edolstra",
        "repo": "flake-compat",
        "type": "github"
      }
    },
    "flake-compat_3": {
      "flake": false,
      "locked": {
        "lastModified": 1650374568,
        "narHash": "sha256-Z+s0J8/r907g149rllvwhb4pKi8Wam5ij0st8PwAh+E=",
        "owner": "edolstra",
        "repo": "flake-compat",
        "rev": "b4a34015c698c7793d592d66adbab377907a2be8",
        "type": "github"
      },
      "original": {
        "owner": "edolstra",
        "repo": "flake-compat",
        "type": "github"
      }
    },
    "flake-compat_4": {
      "flake": false,
      "locked": {
        "lastModified": 1650374568,
        "narHash": "sha256-Z+s0J8/r907g149rllvwhb4pKi8Wam5ij0st8PwAh+E=",
        "owner": "edolstra",
        "repo": "flake-compat",
        "rev": "b4a34015c698c7793d592d66adbab377907a2be8",
        "type": "github"
      },
      "original": {
        "owner": "edolstra",
        "repo": "flake-compat",
        "type": "github"
      }
    },
    "flake-utils": {
      "inputs": {
        "systems": "systems"
      },
      "locked": {
        "lastModified": 1694529238,
        "narHash": "sha256-zsNZZGTGnMOf9YpHKJqMSsa0dXbfmxeoJ7xHlrt+xmY=",
        "owner": "numtide",
        "repo": "flake-utils",
        "rev": "ff7b65b44d01cf9ba6a71320833626af21126384",
        "type": "github"
      },
      "original": {
        "owner": "numtide",
        "repo": "flake-utils",
        "type": "github"
      }
    },
    "flake-utils-plus": {
      "inputs": {
        "flake-utils": "flake-utils"
      },
      "locked": {
        "lastModified": 1696331477,
        "narHash": "sha256-YkbRa/1wQWdWkVJ01JvV+75KIdM37UErqKgTf0L54Fk=",
        "owner": "gytis-ivaskevicius",
        "repo": "flake-utils-plus",
        "rev": "bfc53579db89de750b25b0c5e7af299e0c06d7d3",
        "type": "github"
      },
      "original": {
        "owner": "gytis-ivaskevicius",
        "repo": "flake-utils-plus",
        "type": "github"
      }
    },
    "flake-utils-plus_2": {
      "inputs": {
        "flake-utils": "flake-utils_2"
      },
      "locked": {
        "lastModified": 1657226504,
        "narHash": "sha256-GIYNjuq4mJlFgqKsZ+YrgzWm0IpA4axA3MCrdKYj7gs=",
        "owner": "gytis-ivaskevicius",
        "repo": "flake-utils-plus",
        "rev": "2bf0f91643c2e5ae38c1b26893ac2927ac9bd82a",
        "type": "github"
      },
      "original": {
        "owner": "gytis-ivaskevicius",
        "repo": "flake-utils-plus",
        "type": "github"
      }
    },
    "flake-utils-plus_3": {
      "inputs": {
        "flake-utils": "flake-utils_3"
      },
      "locked": {
        "lastModified": 1696331477,
        "narHash": "sha256-YkbRa/1wQWdWkVJ01JvV+75KIdM37UErqKgTf0L54Fk=",
        "owner": "gytis-ivaskevicius",
        "repo": "flake-utils-plus",
        "rev": "bfc53579db89de750b25b0c5e7af299e0c06d7d3",
        "type": "github"
      },
      "original": {
        "owner": "gytis-ivaskevicius",
        "repo": "flake-utils-plus",
        "type": "github"
      }
    },
    "flake-utils_2": {
      "locked": {
        "lastModified": 1644229661,
        "narHash": "sha256-1YdnJAsNy69bpcjuoKdOYQX0YxZBiCYZo4Twxerqv7k=",
        "owner": "numtide",
        "repo": "flake-utils",
        "rev": "3cecb5b042f7f209c56ffd8371b2711a290ec797",
        "type": "github"
      },
      "original": {
        "owner": "numtide",
        "repo": "flake-utils",
        "type": "github"
      }
    },
    "flake-utils_3": {
      "inputs": {
        "systems": "systems_2"
      },
      "locked": {
        "lastModified": 1694529238,
        "narHash": "sha256-zsNZZGTGnMOf9YpHKJqMSsa0dXbfmxeoJ7xHlrt+xmY=",
        "owner": "numtide",
        "repo": "flake-utils",
        "rev": "ff7b65b44d01cf9ba6a71320833626af21126384",
        "type": "github"
      },
      "original": {
        "owner": "numtide",
        "repo": "flake-utils",
        "type": "github"
      }
    },
    "home-manager": {
      "inputs": {
        "nixpkgs": [
          "nixpkgs"
        ]
      },
      "locked": {
        "lastModified": 1700392168,
        "narHash": "sha256-v5LprEFx3u4+1vmds9K0/i7sHjT0IYGs7u9v54iz/OA=",
        "owner": "nix-community",
        "repo": "home-manager",
        "rev": "28535c3a34d79071f2ccb68671971ce0c0984d7e",
        "type": "github"
      },
      "original": {
        "owner": "nix-community",
        "ref": "release-23.05",
        "repo": "home-manager",
        "type": "github"
      }
    },
    "nix-ld": {
      "inputs": {
        "nixpkgs": [
          "nixpkgs"
        ]
      },
      "locked": {
        "lastModified": 1701153607,
        "narHash": "sha256-h+odOVyiGmEERMECoFOj5P7FPiMR8IPRzroFA4sKivg=",
        "owner": "mic92",
        "repo": "nix-ld",
        "rev": "bf5aa84a713c31d95b4307e442e966d6c7fd7ae7",
        "type": "github"
      },
      "original": {
        "owner": "mic92",
        "repo": "nix-ld",
        "type": "github"
      }
    },
    "nixos-hardware": {
      "locked": {
        "lastModified": 1701656485,
        "narHash": "sha256-xDFormrGCKKGqngHa2Bz1GTeKlFMMjLnHhTDRdMJ1hs=",
        "owner": "nixos",
        "repo": "nixos-hardware",
        "rev": "fa194fc484fd7270ab324bb985593f71102e84d1",
        "type": "github"
      },
      "original": {
        "owner": "nixos",
        "repo": "nixos-hardware",
        "type": "github"
      }
    },
    "nixpkgs": {
      "locked": {
        "lastModified": 1701540982,
        "narHash": "sha256-5ajSy6ODgGmAbmymRdHnjfVnuVrACjI8wXoGVvrtvww=",
        "owner": "nixos",
        "repo": "nixpkgs",
        "rev": "6386d8aafc28b3a7ed03880a57bdc6eb4465491d",
        "type": "github"
      },
      "original": {
        "owner": "nixos",
        "ref": "nixos-23.05",
        "repo": "nixpkgs",
        "type": "github"
      }
    },
    "nixpkgs-acc5f7b": {
      "locked": {
        "lastModified": 1611367057,
        "narHash": "sha256-K2txoIzvWQ9B8CiccqOSU1zWUaEbK4dsGBeDKH3lf6Q=",
        "owner": "nixos",
        "repo": "nixpkgs",
        "rev": "acc5f7b18a60bc9b1024e5e1882bf7362e6492e6",
        "type": "github"
      },
      "original": {
        "owner": "nixos",
        "ref": "acc5f7b",
        "repo": "nixpkgs",
        "type": "github"
      }
    },
    "nixpkgs-ba45a55": {
      "locked": {
        "lastModified": 1649873228,
        "narHash": "sha256-j9GkuiOeLiipcWow1XFSHqdnRZFVahTZsWmSNX9lMUU=",
        "owner": "nixos",
        "repo": "nixpkgs",
        "rev": "ba45a559b5c42e123af07272b0241a73dcfa03b0",
        "type": "github"
      },
      "original": {
        "owner": "nixos",
        "ref": "ba45a55",
        "repo": "nixpkgs",
        "type": "github"
      }
    },
    "nixpkgs-stable": {
      "locked": {
        "lastModified": 1701568804,
        "narHash": "sha256-iwr1fjOCvlirVL/xNvOTwY9kg3L/F3TC/7yh/QszaPI=",
        "owner": "NixOS",
        "repo": "nixpkgs",
        "rev": "dc01248a9c946953ad4d438b0a626f5c987a93e4",
        "type": "github"
      },
      "original": {
        "owner": "NixOS",
        "ref": "release-23.05",
        "repo": "nixpkgs",
        "type": "github"
      }
    },
    "nvim-cmp-nerdfont": {
      "flake": false,
      "locked": {
        "lastModified": 1700663605,
        "narHash": "sha256-alHMwjzYZO5rCgQUUUEcGNkW3PuYJFfGyo531wNw7p4=",
        "owner": "chrisgrieser",
        "repo": "cmp-nerdfont",
        "rev": "a3b7c0cadb7bd389f513eecda376d4c6bec90003",
        "type": "github"
      },
      "original": {
        "owner": "chrisgrieser",
        "repo": "cmp-nerdfont",
        "type": "github"
      }
    },
    "nvim-undotree": {
      "flake": false,
      "locked": {
        "lastModified": 1699099021,
        "narHash": "sha256-Ed+0I9I6cFfsN7nklwAMOiO/WwVpJP8m20W6ZCdc4tg=",
        "owner": "jiaoshijie",
        "repo": "undotree",
        "rev": "a88c8ab7f780bc14ab9356c2311c44f49213d47c",
        "type": "github"
      },
      "original": {
        "owner": "jiaoshijie",
        "repo": "undotree",
        "type": "github"
      }
    },
    "ranger-devicons": {
      "flake": false,
      "locked": {
        "lastModified": 1691165140,
        "narHash": "sha256-6JEhyU08QEkGdRW2L00ynRaoaaR5PaiVUccEUbtTQuU=",
        "owner": "alexanderjeurissen",
        "repo": "ranger_devicons",
        "rev": "de64ab26fb581c00a803381d522c6b3e48b79415",
        "type": "github"
      },
      "original": {
        "owner": "alexanderjeurissen",
        "repo": "ranger_devicons",
        "type": "github"
      }
    },
    "root": {
      "inputs": {
        "blockyalarm": "blockyalarm",
        "catppuccin-bat": "catppuccin-bat",
        "catppuccin-btop": "catppuccin-btop",
        "catppuccin-kitty": "catppuccin-kitty",
        "catppuccin-lazygit": "catppuccin-lazygit",
        "catppuccin-neomutt": "catppuccin-neomutt",
        "catppuccin-starship": "catppuccin-starship",
        "catppuccin-tmux": "catppuccin-tmux",
        "flake": "flake",
        "home-manager": "home-manager",
        "nix-ld": "nix-ld",
        "nixos-hardware": "nixos-hardware",
        "nixpkgs": "nixpkgs",
        "nixpkgs-acc5f7b": "nixpkgs-acc5f7b",
        "nixpkgs-ba45a55": "nixpkgs-ba45a55",
        "nvim-cmp-nerdfont": "nvim-cmp-nerdfont",
        "nvim-undotree": "nvim-undotree",
        "ranger-devicons": "ranger-devicons",
        "snowfall-lib": "snowfall-lib_3",
        "sops-nix": "sops-nix",
        "tmux-session-wizard": "tmux-session-wizard",
        "unstable": "unstable_2"
      }
    },
    "snowfall-lib": {
      "inputs": {
        "flake-compat": "flake-compat",
        "flake-utils-plus": "flake-utils-plus",
        "nixpkgs": [
          "blockyalarm",
          "nixpkgs"
        ]
      },
      "locked": {
        "lastModified": 1696432959,
        "narHash": "sha256-oJQZv2MYyJaVyVJY5IeevzqpGvMGKu5pZcCCJvb+xjc=",
        "owner": "snowfallorg",
        "repo": "lib",
        "rev": "92803a029b5314d4436a8d9311d8707b71d9f0b6",
        "type": "github"
      },
      "original": {
        "owner": "snowfallorg",
        "repo": "lib",
        "type": "github"
      }
    },
    "snowfall-lib_2": {
      "inputs": {
        "flake-compat": "flake-compat_3",
        "flake-utils-plus": "flake-utils-plus_2",
        "nixpkgs": [
          "flake",
          "nixpkgs"
        ]
      },
      "locked": {
        "lastModified": 1694679207,
        "narHash": "sha256-g6lYb6nXMpxYUVRZNRZPZI+L31xWlwF/r/oWZmiSYpo=",
        "owner": "snowfallorg",
        "repo": "lib",
        "rev": "8df9cb69f2ee4199c2879baaafce4e13864496a7",
        "type": "github"
      },
      "original": {
        "owner": "snowfallorg",
        "repo": "lib",
        "type": "github"
      }
    },
    "snowfall-lib_3": {
      "inputs": {
        "flake-compat": "flake-compat_4",
        "flake-utils-plus": "flake-utils-plus_3",
        "nixpkgs": [
          "nixpkgs"
        ]
      },
      "locked": {
        "lastModified": 1696432959,
        "narHash": "sha256-oJQZv2MYyJaVyVJY5IeevzqpGvMGKu5pZcCCJvb+xjc=",
        "owner": "snowfallorg",
        "repo": "lib",
        "rev": "92803a029b5314d4436a8d9311d8707b71d9f0b6",
        "type": "github"
      },
      "original": {
        "owner": "snowfallorg",
        "repo": "lib",
        "type": "github"
      }
    },
    "sops-nix": {
      "inputs": {
        "nixpkgs": [
          "nixpkgs"
        ],
        "nixpkgs-stable": "nixpkgs-stable"
      },
      "locked": {
        "lastModified": 1701572436,
        "narHash": "sha256-0anfOQqDend6kSuF8CmOSAZsiAS1nwOsin5VQukh6Q4=",
        "owner": "mic92",
        "repo": "sops-nix",
        "rev": "8bca48cb9a12bbd8766f359ad00336924e91b7f7",
        "type": "github"
      },
      "original": {
        "owner": "mic92",
        "repo": "sops-nix",
        "type": "github"
      }
    },
    "systems": {
      "locked": {
        "lastModified": 1681028828,
        "narHash": "sha256-Vy1rq5AaRuLzOxct8nz4T6wlgyUR7zLU309k9mBC768=",
        "owner": "nix-systems",
        "repo": "default",
        "rev": "da67096a3b9bf56a91d16901293e51ba5b49a27e",
        "type": "github"
      },
      "original": {
        "owner": "nix-systems",
        "repo": "default",
        "type": "github"
      }
    },
    "systems_2": {
      "locked": {
        "lastModified": 1681028828,
        "narHash": "sha256-Vy1rq5AaRuLzOxct8nz4T6wlgyUR7zLU309k9mBC768=",
        "owner": "nix-systems",
        "repo": "default",
        "rev": "da67096a3b9bf56a91d16901293e51ba5b49a27e",
        "type": "github"
      },
      "original": {
        "owner": "nix-systems",
        "repo": "default",
        "type": "github"
      }
    },
    "tmux-session-wizard": {
      "flake": false,
      "locked": {
        "lastModified": 1701166721,
        "narHash": "sha256-OSsnnY19CJloxR4kj9EJBlAjA6tOdezYJy2NMp6a7OM=",
        "owner": "27medkamal",
        "repo": "tmux-session-wizard",
        "rev": "a61962def77db987833c4245e95f60eb1944ceae",
        "type": "github"
      },
      "original": {
        "owner": "27medkamal",
        "repo": "tmux-session-wizard",
        "type": "github"
      }
    },
    "unstable": {
      "locked": {
        "lastModified": 1697456312,
        "narHash": "sha256-roiSnrqb5r+ehnKCauPLugoU8S36KgmWraHgRqVYndo=",
        "owner": "nixos",
        "repo": "nixpkgs",
        "rev": "ca012a02bf8327be9e488546faecae5e05d7d749",
        "type": "github"
      },
      "original": {
        "owner": "nixos",
        "ref": "nixos-unstable",
        "repo": "nixpkgs",
        "type": "github"
      }
    },
    "unstable_2": {
      "locked": {
        "lastModified": 1701436327,
        "narHash": "sha256-tRHbnoNI8SIM5O5xuxOmtSLnswEByzmnQcGGyNRjxsE=",
        "owner": "nixos",
        "repo": "nixpkgs",
        "rev": "91050ea1e57e50388fa87a3302ba12d188ef723a",
        "type": "github"
      },
      "original": {
        "owner": "nixos",
        "ref": "nixos-unstable",
        "repo": "nixpkgs",
        "type": "github"
      }
    }
  },
  "root": "root",
  "version": 7
}
